
Microsoft Visual Studio Solution File, Format Version 11.00
# Visual Studio 2010
Project("{FAE04EC0-301F-11D3-BF4B-00C04F79EFBC}") = "Assembly-CSharp", "Assembly-CSharp.csproj", "{3528CDC0-21E1-EAB8-4132-B35684340206}"
EndProject
Project("{FAE04EC0-301F-11D3-BF4B-00C04F79EFBC}") = "Assembly-CSharp-Editor", "Assembly-CSharp-Editor.csproj", "{A1AD5151-F6E9-9EDD-377C-96FC72EC158B}"
EndProject
Global
	GlobalSection(SolutionConfigurationPlatforms) = preSolution
		Debug|Any CPU = Debug|Any CPU
		Release|Any CPU = Release|Any CPU
	EndGlobalSection
	GlobalSection(ProjectConfigurationPlatforms) = postSolution
		{3528CDC0-21E1-EAB8-4132-B35684340206}.Debug|Any CPU.ActiveCfg = Debug|Any CPU
		{3528CDC0-21E1-EAB8-4132-B35684340206}.Debug|Any CPU.Build.0 = Debug|Any CPU
		{3528CDC0-21E1-EAB8-4132-B35684340206}.Release|Any CPU.ActiveCfg = Release|Any CPU
		{3528CDC0-21E1-EAB8-4132-B35684340206}.Release|Any CPU.Build.0 = Release|Any CPU
		{A1AD5151-F6E9-9EDD-377C-96FC72EC158B}.Debug|Any CPU.ActiveCfg = Debug|Any CPU
		{A1AD5151-F6E9-9EDD-377C-96FC72EC158B}.Debug|Any CPU.Build.0 = Debug|Any CPU
		{A1AD5151-F6E9-9EDD-377C-96FC72EC158B}.Release|Any CPU.ActiveCfg = Release|Any CPU
		{A1AD5151-F6E9-9EDD-377C-96FC72EC158B}.Release|Any CPU.Build.0 = Release|Any CPU
	EndGlobalSection
	GlobalSection(SolutionProperties) = preSolution
		HideSolutionNode = FALSE
	EndGlobalSection
	GlobalSection(MonoDevelopProperties) = preSolution
		StartupItem = Assembly-CSharp.csproj
	EndGlobalSection
EndGlobal
